// !$*UTF8*$!
{
	archiveVersion = 1;
	classes = {
	};
	objectVersion = 46;
	objects = {

/* Begin PBXBuildFile section */
		522F9D7762F5BBA9EF54F5EF /* libPods-gateblu.a in Frameworks */ = {isa = PBXBuildFile; fileRef = 1981509205167E4CC4BCA124 /* libPods-gateblu.a */; };
		9A0C95891A41F77200236CFC /* AppDelegate.swift in Sources */ = {isa = PBXBuildFile; fileRef = 9A0C95881A41F77200236CFC /* AppDelegate.swift */; };
		9A0C958B1A41F77200236CFC /* ViewController.swift in Sources */ = {isa = PBXBuildFile; fileRef = 9A0C958A1A41F77200236CFC /* ViewController.swift */; };
		9A0C958E1A41F77200236CFC /* Main.storyboard in Resources */ = {isa = PBXBuildFile; fileRef = 9A0C958C1A41F77200236CFC /* Main.storyboard */; };
		9A0C95901A41F77200236CFC /* Images.xcassets in Resources */ = {isa = PBXBuildFile; fileRef = 9A0C958F1A41F77200236CFC /* Images.xcassets */; };
		9A0C95931A41F77200236CFC /* LaunchScreen.xib in Resources */ = {isa = PBXBuildFile; fileRef = 9A0C95911A41F77200236CFC /* LaunchScreen.xib */; };
		9A0C959F1A41F77200236CFC /* gatebluTests.swift in Sources */ = {isa = PBXBuildFile; fileRef = 9A0C959E1A41F77200236CFC /* gatebluTests.swift */; };
		9A0C95AB1A420A1900236CFC /* 256x256spiral.png in Resources */ = {isa = PBXBuildFile; fileRef = 9A0C95AA1A420A1900236CFC /* 256x256spiral.png */; };
		9A0C95B21A434A9F00236CFC /* Device.swift in Sources */ = {isa = PBXBuildFile; fileRef = 9A0C95B11A434A9F00236CFC /* Device.swift */; };
		BB50857A1A44A1E500233B1B /* GatebluService.swift in Sources */ = {isa = PBXBuildFile; fileRef = BB5085791A44A1E500233B1B /* GatebluService.swift */; };
		BB50857C1A44A25100233B1B /* GatebluWebsocketServer.swift in Sources */ = {isa = PBXBuildFile; fileRef = BB50857B1A44A25100233B1B /* GatebluWebsocketServer.swift */; };
		BB50857E1A44A71500233B1B /* GatebluDeviceService.swift in Sources */ = {isa = PBXBuildFile; fileRef = BB50857D1A44A71500233B1B /* GatebluDeviceService.swift */; };
		BB5085801A44DDF800233B1B /* DeviceView.swift in Sources */ = {isa = PBXBuildFile; fileRef = BB50857F1A44DDF800233B1B /* DeviceView.swift */; };
		BB5085821A44DE1500233B1B /* Extensions.swift in Sources */ = {isa = PBXBuildFile; fileRef = BB5085811A44DE1500233B1B /* Extensions.swift */; };
		BB5A29E21A48905D00BC648D /* DeviceManager.swift in Sources */ = {isa = PBXBuildFile; fileRef = BB5A29E11A48905D00BC648D /* DeviceManager.swift */; };
		BB5A29F71A48CF9600BC648D /* MockDeviceManager.swift in Sources */ = {isa = PBXBuildFile; fileRef = BB5A29F61A48CF9600BC648D /* MockDeviceManager.swift */; };
		BB6D7CAA1A424986007B8E17 /* CoreBluetooth.framework in Frameworks */ = {isa = PBXBuildFile; fileRef = BB6D7CA91A424986007B8E17 /* CoreBluetooth.framework */; };
		BB6D7CAC1A424F50007B8E17 /* Podfile in Resources */ = {isa = PBXBuildFile; fileRef = BB6D7CAB1A424F50007B8E17 /* Podfile */; };
		BB6D7CAF1A42968F007B8E17 /* config.xml in Resources */ = {isa = PBXBuildFile; fileRef = BB6D7CAE1A42968F007B8E17 /* config.xml */; };
		BB6D7D1A1A42B649007B8E17 /* SwiftyJSON.swift in Sources */ = {isa = PBXBuildFile; fileRef = BB6D7D191A42B649007B8E17 /* SwiftyJSON.swift */; };
/* End PBXBuildFile section */

/* Begin PBXContainerItemProxy section */
		9A0C95991A41F77200236CFC /* PBXContainerItemProxy */ = {
			isa = PBXContainerItemProxy;
			containerPortal = 9A0C957B1A41F77200236CFC /* Project object */;
			proxyType = 1;
			remoteGlobalIDString = 9A0C95821A41F77200236CFC;
			remoteInfo = gateblu;
		};
/* End PBXContainerItemProxy section */

/* Begin PBXCopyFilesBuildPhase section */
		BB5A29F51A48C07E00BC648D /* Embed Frameworks */ = {
			isa = PBXCopyFilesBuildPhase;
			buildActionMask = 2147483647;
			dstPath = "";
			dstSubfolderSpec = 10;
			files = (
			);
			name = "Embed Frameworks";
			runOnlyForDeploymentPostprocessing = 0;
		};
/* End PBXCopyFilesBuildPhase section */

/* Begin PBXFileReference section */
		1981509205167E4CC4BCA124 /* libPods-gateblu.a */ = {isa = PBXFileReference; explicitFileType = archive.ar; includeInIndex = 0; path = "libPods-gateblu.a"; sourceTree = BUILT_PRODUCTS_DIR; };
		9A0C95831A41F77200236CFC /* gateblu.app */ = {isa = PBXFileReference; explicitFileType = wrapper.application; includeInIndex = 0; path = gateblu.app; sourceTree = BUILT_PRODUCTS_DIR; };
		9A0C95871A41F77200236CFC /* Info.plist */ = {isa = PBXFileReference; lastKnownFileType = text.plist.xml; path = Info.plist; sourceTree = "<group>"; };
		9A0C95881A41F77200236CFC /* AppDelegate.swift */ = {isa = PBXFileReference; lastKnownFileType = sourcecode.swift; path = AppDelegate.swift; sourceTree = "<group>"; };
		9A0C958A1A41F77200236CFC /* ViewController.swift */ = {isa = PBXFileReference; indentWidth = 2; lastKnownFileType = sourcecode.swift; lineEnding = 0; path = ViewController.swift; sourceTree = "<group>"; tabWidth = 2; };
		9A0C958D1A41F77200236CFC /* Base */ = {isa = PBXFileReference; lastKnownFileType = file.storyboard; name = Base; path = Base.lproj/Main.storyboard; sourceTree = "<group>"; };
		9A0C958F1A41F77200236CFC /* Images.xcassets */ = {isa = PBXFileReference; lastKnownFileType = folder.assetcatalog; name = Images.xcassets; path = gateblu/Images.xcassets; sourceTree = SOURCE_ROOT; };
		9A0C95921A41F77200236CFC /* Base */ = {isa = PBXFileReference; lastKnownFileType = file.xib; name = Base; path = Base.lproj/LaunchScreen.xib; sourceTree = "<group>"; };
		9A0C95981A41F77200236CFC /* gatebluTests.xctest */ = {isa = PBXFileReference; explicitFileType = wrapper.cfbundle; includeInIndex = 0; path = gatebluTests.xctest; sourceTree = BUILT_PRODUCTS_DIR; };
		9A0C959D1A41F77200236CFC /* Info.plist */ = {isa = PBXFileReference; lastKnownFileType = text.plist.xml; path = Info.plist; sourceTree = "<group>"; };
		9A0C959E1A41F77200236CFC /* gatebluTests.swift */ = {isa = PBXFileReference; lastKnownFileType = sourcecode.swift; path = gatebluTests.swift; sourceTree = "<group>"; };
		9A0C95AA1A420A1900236CFC /* 256x256spiral.png */ = {isa = PBXFileReference; lastKnownFileType = image.png; name = 256x256spiral.png; path = ../../octoblu/public/assets/images/256x256spiral.png; sourceTree = SOURCE_ROOT; };
		9A0C95B11A434A9F00236CFC /* Device.swift */ = {isa = PBXFileReference; fileEncoding = 4; lastKnownFileType = sourcecode.swift; path = Device.swift; sourceTree = "<group>"; };
		BB5085791A44A1E500233B1B /* GatebluService.swift */ = {isa = PBXFileReference; fileEncoding = 4; lastKnownFileType = sourcecode.swift; path = GatebluService.swift; sourceTree = "<group>"; };
		BB50857B1A44A25100233B1B /* GatebluWebsocketServer.swift */ = {isa = PBXFileReference; fileEncoding = 4; lastKnownFileType = sourcecode.swift; path = GatebluWebsocketServer.swift; sourceTree = "<group>"; };
		BB50857D1A44A71500233B1B /* GatebluDeviceService.swift */ = {isa = PBXFileReference; fileEncoding = 4; lastKnownFileType = sourcecode.swift; path = GatebluDeviceService.swift; sourceTree = "<group>"; };
		BB50857F1A44DDF800233B1B /* DeviceView.swift */ = {isa = PBXFileReference; fileEncoding = 4; lastKnownFileType = sourcecode.swift; path = DeviceView.swift; sourceTree = "<group>"; };
		BB5085811A44DE1500233B1B /* Extensions.swift */ = {isa = PBXFileReference; fileEncoding = 4; lastKnownFileType = sourcecode.swift; path = Extensions.swift; sourceTree = "<group>"; };
		BB5A29E11A48905D00BC648D /* DeviceManager.swift */ = {isa = PBXFileReference; fileEncoding = 4; lastKnownFileType = sourcecode.swift; path = DeviceManager.swift; sourceTree = "<group>"; };
		BB5A29F61A48CF9600BC648D /* MockDeviceManager.swift */ = {isa = PBXFileReference; fileEncoding = 4; lastKnownFileType = sourcecode.swift; path = MockDeviceManager.swift; sourceTree = "<group>"; };
		BB6D7CA91A424986007B8E17 /* CoreBluetooth.framework */ = {isa = PBXFileReference; lastKnownFileType = wrapper.framework; name = CoreBluetooth.framework; path = System/Library/Frameworks/CoreBluetooth.framework; sourceTree = SDKROOT; };
		BB6D7CAB1A424F50007B8E17 /* Podfile */ = {isa = PBXFileReference; fileEncoding = 4; lastKnownFileType = text; path = Podfile; sourceTree = "<group>"; xcLanguageSpecificationIdentifier = xcode.lang.ruby; };
		BB6D7CAD1A42512E007B8E17 /* gateblu-Bridging-Header.h */ = {isa = PBXFileReference; lastKnownFileType = sourcecode.c.h; path = "gateblu-Bridging-Header.h"; sourceTree = "<group>"; };
		BB6D7CAE1A42968F007B8E17 /* config.xml */ = {isa = PBXFileReference; fileEncoding = 4; lastKnownFileType = text.xml; path = config.xml; sourceTree = "<group>"; };
		BB6D7D191A42B649007B8E17 /* SwiftyJSON.swift */ = {isa = PBXFileReference; fileEncoding = 4; lastKnownFileType = sourcecode.swift; path = SwiftyJSON.swift; sourceTree = "<group>"; };
		C7DBA7E8F85E97F26907F853 /* Pods-gateblu.debug.xcconfig */ = {isa = PBXFileReference; includeInIndex = 1; lastKnownFileType = text.xcconfig; name = "Pods-gateblu.debug.xcconfig"; path = "Pods/Target Support Files/Pods-gateblu/Pods-gateblu.debug.xcconfig"; sourceTree = "<group>"; };
		EA4B79A928A66A4D1937BE1D /* Pods-gateblu.release.xcconfig */ = {isa = PBXFileReference; includeInIndex = 1; lastKnownFileType = text.xcconfig; name = "Pods-gateblu.release.xcconfig"; path = "Pods/Target Support Files/Pods-gateblu/Pods-gateblu.release.xcconfig"; sourceTree = "<group>"; };
/* End PBXFileReference section */

/* Begin PBXFrameworksBuildPhase section */
		9A0C95801A41F77200236CFC /* Frameworks */ = {
			isa = PBXFrameworksBuildPhase;
			buildActionMask = 2147483647;
			files = (
				BB6D7CAA1A424986007B8E17 /* CoreBluetooth.framework in Frameworks */,
				522F9D7762F5BBA9EF54F5EF /* libPods-gateblu.a in Frameworks */,
			);
			runOnlyForDeploymentPostprocessing = 0;
		};
		9A0C95951A41F77200236CFC /* Frameworks */ = {
			isa = PBXFrameworksBuildPhase;
			buildActionMask = 2147483647;
			files = (
			);
			runOnlyForDeploymentPostprocessing = 0;
		};
/* End PBXFrameworksBuildPhase section */

/* Begin PBXGroup section */
		455BA00AC7ADB8C113D7E52E /* Pods */ = {
			isa = PBXGroup;
			children = (
				C7DBA7E8F85E97F26907F853 /* Pods-gateblu.debug.xcconfig */,
				EA4B79A928A66A4D1937BE1D /* Pods-gateblu.release.xcconfig */,
			);
			name = Pods;
			sourceTree = "<group>";
		};
		6EDAC5D914BD8BE65B5BBCA2 /* Frameworks */ = {
			isa = PBXGroup;
			children = (
				1981509205167E4CC4BCA124 /* libPods-gateblu.a */,
			);
			name = Frameworks;
			sourceTree = "<group>";
		};
		9A0C957A1A41F77200236CFC = {
			isa = PBXGroup;
			children = (
				BB6D7D191A42B649007B8E17 /* SwiftyJSON.swift */,
				BB6D7CAE1A42968F007B8E17 /* config.xml */,
				BB6D7CAB1A424F50007B8E17 /* Podfile */,
				BB6D7CA91A424986007B8E17 /* CoreBluetooth.framework */,
				9A0C95851A41F77200236CFC /* gateblu */,
				9A0C959B1A41F77200236CFC /* gatebluTests */,
				9A0C95841A41F77200236CFC /* Products */,
				455BA00AC7ADB8C113D7E52E /* Pods */,
				6EDAC5D914BD8BE65B5BBCA2 /* Frameworks */,
			);
			sourceTree = "<group>";
		};
		9A0C95841A41F77200236CFC /* Products */ = {
			isa = PBXGroup;
			children = (
				9A0C95831A41F77200236CFC /* gateblu.app */,
				9A0C95981A41F77200236CFC /* gatebluTests.xctest */,
			);
			name = Products;
			sourceTree = "<group>";
		};
		9A0C95851A41F77200236CFC /* gateblu */ = {
			isa = PBXGroup;
			children = (
				9A0C95881A41F77200236CFC /* AppDelegate.swift */,
				BB5A29F61A48CF9600BC648D /* MockDeviceManager.swift */,
				BB5A29E11A48905D00BC648D /* DeviceManager.swift */,
				9A0C958A1A41F77200236CFC /* ViewController.swift */,
				BB50857F1A44DDF800233B1B /* DeviceView.swift */,
				9A0C95AA1A420A1900236CFC /* 256x256spiral.png */,
				9A0C958C1A41F77200236CFC /* Main.storyboard */,
				9A0C958F1A41F77200236CFC /* Images.xcassets */,
				9A0C95911A41F77200236CFC /* LaunchScreen.xib */,
				9A0C95861A41F77200236CFC /* Supporting Files */,
				BB6D7CAD1A42512E007B8E17 /* gateblu-Bridging-Header.h */,
				9A0C95B11A434A9F00236CFC /* Device.swift */,
				BB5085791A44A1E500233B1B /* GatebluService.swift */,
				BB50857D1A44A71500233B1B /* GatebluDeviceService.swift */,
				BB50857B1A44A25100233B1B /* GatebluWebsocketServer.swift */,
				BB5085811A44DE1500233B1B /* Extensions.swift */,
			);
			path = gateblu;
			sourceTree = "<group>";
		};
		9A0C95861A41F77200236CFC /* Supporting Files */ = {
			isa = PBXGroup;
			children = (
				9A0C95871A41F77200236CFC /* Info.plist */,
			);
			name = "Supporting Files";
			sourceTree = "<group>";
		};
		9A0C959B1A41F77200236CFC /* gatebluTests */ = {
			isa = PBXGroup;
			children = (
				9A0C959E1A41F77200236CFC /* gatebluTests.swift */,
				9A0C959C1A41F77200236CFC /* Supporting Files */,
			);
			path = gatebluTests;
			sourceTree = "<group>";
		};
		9A0C959C1A41F77200236CFC /* Supporting Files */ = {
			isa = PBXGroup;
			children = (
				9A0C959D1A41F77200236CFC /* Info.plist */,
			);
			name = "Supporting Files";
			sourceTree = "<group>";
		};
/* End PBXGroup section */

/* Begin PBXNativeTarget section */
		9A0C95821A41F77200236CFC /* gateblu */ = {
			isa = PBXNativeTarget;
			buildConfigurationList = 9A0C95A21A41F77200236CFC /* Build configuration list for PBXNativeTarget "gateblu" */;
			buildPhases = (
				BD21FFB860DABDE210D76BD3 /* Check Pods Manifest.lock */,
				9A0C957F1A41F77200236CFC /* Sources */,
				9A0C95801A41F77200236CFC /* Frameworks */,
				9A0C95811A41F77200236CFC /* Resources */,
				2BBEED015D3FE6B4D9EE52E0 /* Copy Pods Resources */,
				BB5A29F51A48C07E00BC648D /* Embed Frameworks */,
			);
			buildRules = (
			);
			dependencies = (
			);
			name = gateblu;
			productName = gateblu;
			productReference = 9A0C95831A41F77200236CFC /* gateblu.app */;
			productType = "com.apple.product-type.application";
		};
		9A0C95971A41F77200236CFC /* gatebluTests */ = {
			isa = PBXNativeTarget;
			buildConfigurationList = 9A0C95A51A41F77200236CFC /* Build configuration list for PBXNativeTarget "gatebluTests" */;
			buildPhases = (
				9A0C95941A41F77200236CFC /* Sources */,
				9A0C95951A41F77200236CFC /* Frameworks */,
				9A0C95961A41F77200236CFC /* Resources */,
			);
			buildRules = (
			);
			dependencies = (
				9A0C959A1A41F77200236CFC /* PBXTargetDependency */,
			);
			name = gatebluTests;
			productName = gatebluTests;
			productReference = 9A0C95981A41F77200236CFC /* gatebluTests.xctest */;
			productType = "com.apple.product-type.bundle.unit-test";
		};
/* End PBXNativeTarget section */

/* Begin PBXProject section */
		9A0C957B1A41F77200236CFC /* Project object */ = {
			isa = PBXProject;
			attributes = {
				LastUpgradeCheck = 0610;
				ORGANIZATIONNAME = Octoblu;
				TargetAttributes = {
					9A0C95821A41F77200236CFC = {
						CreatedOnToolsVersion = 6.1.1;
						DevelopmentTeam = JLSZ8Q5945;
						SystemCapabilities = {
							com.apple.BackgroundModes = {
								enabled = 1;
							};
						};
					};
					9A0C95971A41F77200236CFC = {
						CreatedOnToolsVersion = 6.1.1;
						TestTargetID = 9A0C95821A41F77200236CFC;
					};
				};
			};
			buildConfigurationList = 9A0C957E1A41F77200236CFC /* Build configuration list for PBXProject "gateblu" */;
			compatibilityVersion = "Xcode 3.2";
			developmentRegion = English;
			hasScannedForEncodings = 0;
			knownRegions = (
				en,
				Base,
			);
			mainGroup = 9A0C957A1A41F77200236CFC;
			productRefGroup = 9A0C95841A41F77200236CFC /* Products */;
			projectDirPath = "";
			projectRoot = "";
			targets = (
				9A0C95821A41F77200236CFC /* gateblu */,
				9A0C95971A41F77200236CFC /* gatebluTests */,
			);
		};
/* End PBXProject section */

/* Begin PBXResourcesBuildPhase section */
		9A0C95811A41F77200236CFC /* Resources */ = {
			isa = PBXResourcesBuildPhase;
			buildActionMask = 2147483647;
			files = (
				BB6D7CAC1A424F50007B8E17 /* Podfile in Resources */,
				9A0C958E1A41F77200236CFC /* Main.storyboard in Resources */,
				9A0C95AB1A420A1900236CFC /* 256x256spiral.png in Resources */,
				BB6D7CAF1A42968F007B8E17 /* config.xml in Resources */,
				9A0C95931A41F77200236CFC /* LaunchScreen.xib in Resources */,
				9A0C95901A41F77200236CFC /* Images.xcassets in Resources */,
			);
			runOnlyForDeploymentPostprocessing = 0;
		};
		9A0C95961A41F77200236CFC /* Resources */ = {
			isa = PBXResourcesBuildPhase;
			buildActionMask = 2147483647;
			files = (
			);
			runOnlyForDeploymentPostprocessing = 0;
		};
/* End PBXResourcesBuildPhase section */

/* Begin PBXShellScriptBuildPhase section */
		2BBEED015D3FE6B4D9EE52E0 /* Copy Pods Resources */ = {
			isa = PBXShellScriptBuildPhase;
			buildActionMask = 2147483647;
			files = (
			);
			inputPaths = (
			);
			name = "Copy Pods Resources";
			outputPaths = (
			);
			runOnlyForDeploymentPostprocessing = 0;
			shellPath = /bin/sh;
			shellScript = "\"${SRCROOT}/Pods/Target Support Files/Pods-gateblu/Pods-gateblu-resources.sh\"\n";
			showEnvVarsInLog = 0;
		};
		BD21FFB860DABDE210D76BD3 /* Check Pods Manifest.lock */ = {
			isa = PBXShellScriptBuildPhase;
			buildActionMask = 2147483647;
			files = (
			);
			inputPaths = (
			);
			name = "Check Pods Manifest.lock";
			outputPaths = (
			);
			runOnlyForDeploymentPostprocessing = 0;
			shellPath = /bin/sh;
			shellScript = "diff \"${PODS_ROOT}/../Podfile.lock\" \"${PODS_ROOT}/Manifest.lock\" > /dev/null\nif [[ $? != 0 ]] ; then\n    cat << EOM\nerror: The sandbox is not in sync with the Podfile.lock. Run 'pod install' or update your CocoaPods installation.\nEOM\n    exit 1\nfi\n";
			showEnvVarsInLog = 0;
		};
/* End PBXShellScriptBuildPhase section */

/* Begin PBXSourcesBuildPhase section */
		9A0C957F1A41F77200236CFC /* Sources */ = {
			isa = PBXSourcesBuildPhase;
			buildActionMask = 2147483647;
			files = (
				BB6D7D1A1A42B649007B8E17 /* SwiftyJSON.swift in Sources */,
				BB5A29F71A48CF9600BC648D /* MockDeviceManager.swift in Sources */,
				BB5085821A44DE1500233B1B /* Extensions.swift in Sources */,
				9A0C958B1A41F77200236CFC /* ViewController.swift in Sources */,
				BB5A29E21A48905D00BC648D /* DeviceManager.swift in Sources */,
				BB50857A1A44A1E500233B1B /* GatebluService.swift in Sources */,
				9A0C95891A41F77200236CFC /* AppDelegate.swift in Sources */,
				BB5085801A44DDF800233B1B /* DeviceView.swift in Sources */,
				9A0C95B21A434A9F00236CFC /* Device.swift in Sources */,
				BB50857C1A44A25100233B1B /* GatebluWebsocketServer.swift in Sources */,
				BB50857E1A44A71500233B1B /* GatebluDeviceService.swift in Sources */,
			);
			runOnlyForDeploymentPostprocessing = 0;
		};
		9A0C95941A41F77200236CFC /* Sources */ = {
			isa = PBXSourcesBuildPhase;
			buildActionMask = 2147483647;
			files = (
				9A0C959F1A41F77200236CFC /* gatebluTests.swift in Sources */,
			);
			runOnlyForDeploymentPostprocessing = 0;
		};
/* End PBXSourcesBuildPhase section */

/* Begin PBXTargetDependency section */
		9A0C959A1A41F77200236CFC /* PBXTargetDependency */ = {
			isa = PBXTargetDependency;
			target = 9A0C95821A41F77200236CFC /* gateblu */;
			targetProxy = 9A0C95991A41F77200236CFC /* PBXContainerItemProxy */;
		};
/* End PBXTargetDependency section */

/* Begin PBXVariantGroup section */
		9A0C958C1A41F77200236CFC /* Main.storyboard */ = {
			isa = PBXVariantGroup;
			children = (
				9A0C958D1A41F77200236CFC /* Base */,
			);
			name = Main.storyboard;
			sourceTree = "<group>";
		};
		9A0C95911A41F77200236CFC /* LaunchScreen.xib */ = {
			isa = PBXVariantGroup;
			children = (
				9A0C95921A41F77200236CFC /* Base */,
			);
			name = LaunchScreen.xib;
			sourceTree = "<group>";
		};
/* End PBXVariantGroup section */

/* Begin XCBuildConfiguration section */
		9A0C95A01A41F77200236CFC /* Debug */ = {
			isa = XCBuildConfiguration;
			buildSettings = {
				ALWAYS_SEARCH_USER_PATHS = NO;
				CLANG_CXX_LANGUAGE_STANDARD = "gnu++0x";
				CLANG_CXX_LIBRARY = "libc++";
				CLANG_ENABLE_MODULES = YES;
				CLANG_ENABLE_OBJC_ARC = YES;
				CLANG_WARN_BOOL_CONVERSION = YES;
				CLANG_WARN_CONSTANT_CONVERSION = YES;
				CLANG_WARN_DIRECT_OBJC_ISA_USAGE = YES_ERROR;
				CLANG_WARN_EMPTY_BODY = YES;
				CLANG_WARN_ENUM_CONVERSION = YES;
				CLANG_WARN_INT_CONVERSION = YES;
				CLANG_WARN_OBJC_ROOT_CLASS = YES_ERROR;
				CLANG_WARN_UNREACHABLE_CODE = YES;
				CLANG_WARN__DUPLICATE_METHOD_MATCH = YES;
				"CODE_SIGN_IDENTITY[sdk=iphoneos*]" = "iPhone Developer";
				COPY_PHASE_STRIP = NO;
				ENABLE_STRICT_OBJC_MSGSEND = YES;
				GCC_C_LANGUAGE_STANDARD = gnu99;
				GCC_DYNAMIC_NO_PIC = NO;
				GCC_OPTIMIZATION_LEVEL = 0;
				GCC_PREPROCESSOR_DEFINITIONS = (
					"DEBUG=1",
					"$(inherited)",
				);
				GCC_SYMBOLS_PRIVATE_EXTERN = NO;
				GCC_WARN_64_TO_32_BIT_CONVERSION = YES;
				GCC_WARN_ABOUT_RETURN_TYPE = YES_ERROR;
				GCC_WARN_UNDECLARED_SELECTOR = YES;
				GCC_WARN_UNINITIALIZED_AUTOS = YES_AGGRESSIVE;
				GCC_WARN_UNUSED_FUNCTION = YES;
				GCC_WARN_UNUSED_VARIABLE = YES;
				IPHONEOS_DEPLOYMENT_TARGET = 8.1;
				MTL_ENABLE_DEBUG_INFO = YES;
				ONLY_ACTIVE_ARCH = YES;
				SDKROOT = iphoneos;
				SWIFT_OPTIMIZATION_LEVEL = "-Onone";
				TARGETED_DEVICE_FAMILY = "1,2";
			};
			name = Debug;
		};
		9A0C95A11A41F77200236CFC /* Release */ = {
			isa = XCBuildConfiguration;
			buildSettings = {
				ALWAYS_SEARCH_USER_PATHS = NO;
				CLANG_CXX_LANGUAGE_STANDARD = "gnu++0x";
				CLANG_CXX_LIBRARY = "libc++";
				CLANG_ENABLE_MODULES = YES;
				CLANG_ENABLE_OBJC_ARC = YES;
				CLANG_WARN_BOOL_CONVERSION = YES;
				CLANG_WARN_CONSTANT_CONVERSION = YES;
				CLANG_WARN_DIRECT_OBJC_ISA_USAGE = YES_ERROR;
				CLANG_WARN_EMPTY_BODY = YES;
				CLANG_WARN_ENUM_CONVERSION = YES;
				CLANG_WARN_INT_CONVERSION = YES;
				CLANG_WARN_OBJC_ROOT_CLASS = YES_ERROR;
				CLANG_WARN_UNREACHABLE_CODE = YES;
				CLANG_WARN__DUPLICATE_METHOD_MATCH = YES;
				"CODE_SIGN_IDENTITY[sdk=iphoneos*]" = "iPhone Developer";
				COPY_PHASE_STRIP = YES;
				ENABLE_NS_ASSERTIONS = NO;
				ENABLE_STRICT_OBJC_MSGSEND = YES;
				GCC_C_LANGUAGE_STANDARD = gnu99;
				GCC_WARN_64_TO_32_BIT_CONVERSION = YES;
				GCC_WARN_ABOUT_RETURN_TYPE = YES_ERROR;
				GCC_WARN_UNDECLARED_SELECTOR = YES;
				GCC_WARN_UNINITIALIZED_AUTOS = YES_AGGRESSIVE;
				GCC_WARN_UNUSED_FUNCTION = YES;
				GCC_WARN_UNUSED_VARIABLE = YES;
				IPHONEOS_DEPLOYMENT_TARGET = 8.1;
				MTL_ENABLE_DEBUG_INFO = NO;
				SDKROOT = iphoneos;
				TARGETED_DEVICE_FAMILY = "1,2";
				VALIDATE_PRODUCT = YES;
			};
			name = Release;
		};
		9A0C95A31A41F77200236CFC /* Debug */ = {
			isa = XCBuildConfiguration;
			baseConfigurationReference = C7DBA7E8F85E97F26907F853 /* Pods-gateblu.debug.xcconfig */;
			buildSettings = {
				ASSETCATALOG_COMPILER_APPICON_NAME = AppIcon;
				CODE_SIGN_IDENTITY = "iPhone Developer";
				EMBEDDED_CONTENT_CONTAINS_SWIFT = YES;
				INFOPLIST_FILE = gateblu/Info.plist;
				IPHONEOS_DEPLOYMENT_TARGET = 8.0;
				LD_RUNPATH_SEARCH_PATHS = "$(inherited) @executable_path/Frameworks";
				PRODUCT_NAME = "$(TARGET_NAME)";
				SWIFT_OBJC_BRIDGING_HEADER = "gateblu/gateblu-Bridging-Header.h";
				TARGETED_DEVICE_FAMILY = "1,2";
			};
			name = Debug;
		};
		9A0C95A41A41F77200236CFC /* Release */ = {
			isa = XCBuildConfiguration;
			baseConfigurationReference = EA4B79A928A66A4D1937BE1D /* Pods-gateblu.release.xcconfig */;
			buildSettings = {
				ASSETCATALOG_COMPILER_APPICON_NAME = AppIcon;
				CODE_SIGN_IDENTITY = "iPhone Developer";
				EMBEDDED_CONTENT_CONTAINS_SWIFT = YES;
				INFOPLIST_FILE = gateblu/Info.plist;
				IPHONEOS_DEPLOYMENT_TARGET = 8.0;
				LD_RUNPATH_SEARCH_PATHS = "$(inherited) @executable_path/Frameworks";
				PRODUCT_NAME = "$(TARGET_NAME)";
				SWIFT_OBJC_BRIDGING_HEADER = "gateblu/gateblu-Bridging-Header.h";
				TARGETED_DEVICE_FAMILY = "1,2";
			};
			name = Release;
		};
		9A0C95A61A41F77200236CFC /* Debug */ = {
			isa = XCBuildConfiguration;
			buildSettings = {
				BUNDLE_LOADER = "$(TEST_HOST)";
				FRAMEWORK_SEARCH_PATHS = (
					"$(SDKROOT)/Developer/Library/Frameworks",
					"$(inherited)",
				);
				GCC_PREPROCESSOR_DEFINITIONS = (
					"DEBUG=1",
					"$(inherited)",
				);
				INFOPLIST_FILE = gatebluTests/Info.plist;
				LD_RUNPATH_SEARCH_PATHS = "$(inherited) @executable_path/Frameworks @loader_path/Frameworks";
				PRODUCT_NAME = "$(TARGET_NAME)";
				TEST_HOST = "$(BUILT_PRODUCTS_DIR)/gateblu.app/gateblu";
			};
			name = Debug;
		};
		9A0C95A71A41F77200236CFC /* Release */ = {
			isa = XCBuildConfiguration;
			buildSettings = {
				BUNDLE_LOADER = "$(TEST_HOST)";
				FRAMEWORK_SEARCH_PATHS = (
					"$(SDKROOT)/Developer/Library/Frameworks",
					"$(inherited)",
				);
				INFOPLIST_FILE = gatebluTests/Info.plist;
				LD_RUNPATH_SEARCH_PATHS = "$(inherited) @executable_path/Frameworks @loader_path/Frameworks";
				PRODUCT_NAME = "$(TARGET_NAME)";
				TEST_HOST = "$(BUILT_PRODUCTS_DIR)/gateblu.app/gateblu";
			};
			name = Release;
		};
/* End XCBuildConfiguration section */

/* Begin XCConfigurationList section */
		9A0C957E1A41F77200236CFC /* Build configuration list for PBXProject "gateblu" */ = {
			isa = XCConfigurationList;
			buildConfigurations = (
				9A0C95A01A41F77200236CFC /* Debug */,
				9A0C95A11A41F77200236CFC /* Release */,
			);
			defaultConfigurationIsVisible = 0;
			defaultConfigurationName = Release;
		};
		9A0C95A21A41F77200236CFC /* Build configuration list for PBXNativeTarget "gateblu" */ = {
			isa = XCConfigurationList;
			buildConfigurations = (
				9A0C95A31A41F77200236CFC /* Debug */,
				9A0C95A41A41F77200236CFC /* Release */,
			);
			defaultConfigurationIsVisible = 0;
			defaultConfigurationName = Release;
		};
		9A0C95A51A41F77200236CFC /* Build configuration list for PBXNativeTarget "gatebluTests" */ = {
			isa = XCConfigurationList;
			buildConfigurations = (
				9A0C95A61A41F77200236CFC /* Debug */,
				9A0C95A71A41F77200236CFC /* Release */,
			);
			defaultConfigurationIsVisible = 0;
			defaultConfigurationName = Release;
		};
/* End XCConfigurationList section */
	};
	rootObject = 9A0C957B1A41F77200236CFC /* Project object */;
}
